
Microsoft Visual Studio Solution File, Format Version 12.00
# Visual Studio Version 16
VisualStudioVersion = 16.0.31515.178
MinimumVisualStudioVersion = 10.0.40219.1
Project("{FAE04EC0-301F-11D3-BF4B-00C04F79EFBC}") = "WindowsFormUI", "WindowsFormUI\WindowsFormUI.csproj", "{A043E62A-678F-4DCF-8B71-BB7479035251}"
EndProject
Global
	GlobalSection(SolutionConfigurationPlatforms) = preSolution
		Debug|Any CPU = Debug|Any CPU
		Release|Any CPU = Release|Any CPU
	EndGlobalSection
	GlobalSection(ProjectConfigurationPlatforms) = postSolution
		{A043E62A-678F-4DCF-8B71-BB7479035251}.Debug|Any CPU.ActiveCfg = Debug|Any CPU
		{A043E62A-678F-4DCF-8B71-BB7479035251}.Debug|Any CPU.Build.0 = Debug|Any CPU
		{A043E62A-678F-4DCF-8B71-BB7479035251}.Release|Any CPU.ActiveCfg = Release|Any CPU
		{A043E62A-678F-4DCF-8B71-BB7479035251}.Release|Any CPU.Build.0 = Release|Any CPU
	EndGlobalSection
	GlobalSection(SolutionProperties) = preSolution
		HideSolutionNode = FALSE
	EndGlobalSection
	GlobalSection(ExtensibilityGlobals) = postSolution
		SolutionGuid = {8CBF4E34-F745-4237-9F87-FC61A9DB1F88}
	EndGlobalSection
EndGlobal
